PODS:
  - Alamofire (4.0.1)
  - Cosmos (7.0.0)
  - DynamicColor (3.1.0)
  - MBProgressHUD (1.0.0)
  - SDWebImage (3.8.2):
    - SDWebImage/Core (= 3.8.2)
  - SDWebImage/Core (3.8.2)
  - SnapKit (3.0.2)
  - SVPullToRefresh (0.4.1)
  - SwiftyJSON (3.1.1)
  - Then (2.1.0)

DEPENDENCIES:
  - Alamofire
  - Cosmos (~> 7.0)
  - DynamicColor (~> 3.1.0)
  - MBProgressHUD
  - SDWebImage
  - SnapKit
  - SVPullToRefresh
  - SwiftyJSON
  - Then

SPEC CHECKSUMS:
  Alamofire: 7682d43245de14874acd142ec137b144aa1dd335
  Cosmos: 2c8299147138758f6ebbb247cf1aeed77998bdf9
  DynamicColor: 4dec283a881f7f9d9f3bc88fb5f306724242575f
  MBProgressHUD: 4890f671c94e8a0f3cf959aa731e9de2f036d71a
  SDWebImage: '098e97e6176540799c27e804c96653ee0833d13c'
  SnapKit: 2e456761aa92d4d4067a7a5594c18769d451a8ad
  SVPullToRefresh: ba2e718695a43253d8bea6852d2960097dc15d8c
  SwiftyJSON: f0be2e604f83e8405a624e9f891898bf6ed4e019
  Then: 8496793c8fcac95482b943909b440724c7d8d82c

PODFILE CHECKSUM: 18c6726c5e4972ae0dae328a75b03659fc546c27

COCOAPODS: 1.1.1
